{
  "name": "getcryptoprice",
  "version": "2.0.0",
  "lockfileVersion": 3,
  "requires": true,
  "packages": {
    "": {
      "name": "getcryptoprice",
      "version": "2.0.0",
      "license": "Apache-2.0",
      "dependencies": {
        "ccxt": "^4.3.27"
      },
      "devDependencies": {
        "@types/aws-lambda": "^8.10.92"
      }
    },
    "node_modules/@types/aws-lambda": {
      "version": "8.10.138",
      "resolved": "https://registry.npmjs.org/@types/aws-lambda/-/aws-lambda-8.10.138.tgz",
      "integrity": "sha512-71EHMl70TPWIAsFuHd85NHq6S6T2OOjiisPTrH7RgcjzpJpPh4RQJv7PvVvIxc6PIp8CLV7F9B+TdjcAES5vcA==",
      "dev": true
    },
    "node_modules/ccxt": {
      "version": "4.3.27",
      "resolved": "https://registry.npmjs.org/ccxt/-/ccxt-4.3.27.tgz",
      "integrity": "sha512-HEXY1NJ1fC8AzncXNS0wyPJ1N6Y18OVaJ1XH8ES0oCiw5GxH00OmhzHePS/GS59nkKY6W1QZU0XNiCbgBDM5SQ==",
      "hasInstallScript": true,
      "dependencies": {
        "ws": "^8.8.1"
      },
      "bin": {
        "ccxt": "examples/js/cli.js"
      },
      "engines": {
        "node": ">=15.0.0"
      }
    },
    "node_modules/ws": {
      "version": "8.17.0",
      "resolved": "https://registry.npmjs.org/ws/-/ws-8.17.0.tgz",
      "integrity": "sha512-uJq6108EgZMAl20KagGkzCKfMEjxmKvZHG7Tlq0Z6nOky7YF7aq4mOx6xK8TJ/i1LeK4Qus7INktacctDgY8Ow==",
      "engines": {
        "node": ">=10.0.0"
      },
      "peerDependencies": {
        "bufferutil": "^4.0.1",
        "utf-8-validate": ">=5.0.2"
      },
      "peerDependenciesMeta": {
        "bufferutil": {
          "optional": true
        },
        "utf-8-validate": {
          "optional": true
        }
      }
    }
  }
}
